
Microsoft Visual Studio Solution File, Format Version 12.00
# Visual Studio Version 17
VisualStudioVersion = 17.3.32825.248
MinimumVisualStudioVersion = 10.0.40219.1
Project("{FAE04EC0-301F-11D3-BF4B-00C04F79EFBC}") = "Sem1", "Sem1\Sem1.csproj", "{67135139-22BE-44C4-9D61-265E5DCB70E9}"
EndProject
Global
	GlobalSection(SolutionConfigurationPlatforms) = preSolution
		Debug|Any CPU = Debug|Any CPU
		Release|Any CPU = Release|Any CPU
	EndGlobalSection
	GlobalSection(ProjectConfigurationPlatforms) = postSolution
		{67135139-22BE-44C4-9D61-265E5DCB70E9}.Debug|Any CPU.ActiveCfg = Debug|Any CPU
		{67135139-22BE-44C4-9D61-265E5DCB70E9}.Debug|Any CPU.Build.0 = Debug|Any CPU
		{67135139-22BE-44C4-9D61-265E5DCB70E9}.Release|Any CPU.ActiveCfg = Release|Any CPU
		{67135139-22BE-44C4-9D61-265E5DCB70E9}.Release|Any CPU.Build.0 = Release|Any CPU
	EndGlobalSection
	GlobalSection(SolutionProperties) = preSolution
		HideSolutionNode = FALSE
	EndGlobalSection
	GlobalSection(ExtensibilityGlobals) = postSolution
		SolutionGuid = {354984D2-8A14-4556-A420-3E84B87391D9}
	EndGlobalSection
EndGlobal
